
Microsoft Visual Studio Solution File, Format Version 12.00
# Visual Studio Version 16
VisualStudioVersion = 16.0.31229.75
MinimumVisualStudioVersion = 10.0.40219.1
Project("{FAE04EC0-301F-11D3-BF4B-00C04F79EFBC}") = "Test first class", "Test first class\Test first class.csproj", "{B7BB3BD3-A13D-4D7A-997D-4E3EA652C4CB}"
EndProject
Global
	GlobalSection(SolutionConfigurationPlatforms) = preSolution
		Debug|Any CPU = Debug|Any CPU
		Release|Any CPU = Release|Any CPU
	EndGlobalSection
	GlobalSection(ProjectConfigurationPlatforms) = postSolution
		{B7BB3BD3-A13D-4D7A-997D-4E3EA652C4CB}.Debug|Any CPU.ActiveCfg = Debug|Any CPU
		{B7BB3BD3-A13D-4D7A-997D-4E3EA652C4CB}.Debug|Any CPU.Build.0 = Debug|Any CPU
		{B7BB3BD3-A13D-4D7A-997D-4E3EA652C4CB}.Release|Any CPU.ActiveCfg = Release|Any CPU
		{B7BB3BD3-A13D-4D7A-997D-4E3EA652C4CB}.Release|Any CPU.Build.0 = Release|Any CPU
	EndGlobalSection
	GlobalSection(SolutionProperties) = preSolution
		HideSolutionNode = FALSE
	EndGlobalSection
	GlobalSection(ExtensibilityGlobals) = postSolution
		SolutionGuid = {0B62FE3D-DAA2-4BA7-A2E9-C5B1C60FFF1F}
	EndGlobalSection
EndGlobal
